
Microsoft Visual Studio Solution File, Format Version 12.00
# Visual Studio Version 17
VisualStudioVersion = 17.14.36301.6 d17.14
MinimumVisualStudioVersion = 10.0.40219.1
Project("{FAE04EC0-301F-11D3-BF4B-00C04F79EFBC}") = "Chess", "Chess.csproj", "{D5675231-2101-4A2C-90F1-AB2C03D8A042}"
EndProject
Project("{FAE04EC0-301F-11D3-BF4B-00C04F79EFBC}") = "Chess.Application", "..\Chess.Application\Chess.Application.csproj", "{15520B17-3B8A-4311-B4CC-D3FE0A3CF1A3}"
EndProject
Global
	GlobalSection(SolutionConfigurationPlatforms) = preSolution
		Debug|Any CPU = Debug|Any CPU
		Release|Any CPU = Release|Any CPU
	EndGlobalSection
	GlobalSection(ProjectConfigurationPlatforms) = postSolution
		{D5675231-2101-4A2C-90F1-AB2C03D8A042}.Debug|Any CPU.ActiveCfg = Debug|Any CPU
		{D5675231-2101-4A2C-90F1-AB2C03D8A042}.Debug|Any CPU.Build.0 = Debug|Any CPU
		{D5675231-2101-4A2C-90F1-AB2C03D8A042}.Release|Any CPU.ActiveCfg = Release|Any CPU
		{D5675231-2101-4A2C-90F1-AB2C03D8A042}.Release|Any CPU.Build.0 = Release|Any CPU
		{15520B17-3B8A-4311-B4CC-D3FE0A3CF1A3}.Debug|Any CPU.ActiveCfg = Debug|Any CPU
		{15520B17-3B8A-4311-B4CC-D3FE0A3CF1A3}.Debug|Any CPU.Build.0 = Debug|Any CPU
		{15520B17-3B8A-4311-B4CC-D3FE0A3CF1A3}.Release|Any CPU.ActiveCfg = Release|Any CPU
		{15520B17-3B8A-4311-B4CC-D3FE0A3CF1A3}.Release|Any CPU.Build.0 = Release|Any CPU
	EndGlobalSection
	GlobalSection(SolutionProperties) = preSolution
		HideSolutionNode = FALSE
	EndGlobalSection
	GlobalSection(ExtensibilityGlobals) = postSolution
		SolutionGuid = {F374DCFE-CF6A-44B7-B2B9-5BB3ECBD77B9}
	EndGlobalSection
EndGlobal
