
Microsoft Visual Studio Solution File, Format Version 12.00
# Visual Studio Version 17
VisualStudioVersion = 17.14.36301.6
MinimumVisualStudioVersion = 10.0.40219.1
Project("{FAE04EC0-301F-11D3-BF4B-00C04F79EFBC}") = "Chess.Web", "Chess\Chess.Web.csproj", "{1291AADA-FE21-4DEB-BAAD-B36D7A660140}"
EndProject
Project("{FAE04EC0-301F-11D3-BF4B-00C04F79EFBC}") = "Chess.infrastructure", "Chess.infrastructure\Chess.infrastructure.csproj", "{2D8F0372-A0FC-40C7-84E7-CBA9C044BC61}"
EndProject
Project("{FAE04EC0-301F-11D3-BF4B-00C04F79EFBC}") = "Chess.Application", "Chess.Application\Chess.Application.csproj", "{DF8063D8-12D2-4458-B541-9D394182828C}"
EndProject
Project("{2150E333-8FDC-42A3-9474-1A3956D46DE8}") = "Web", "Web", "{02EA681E-C7D8-13C7-8484-4AC65E1B71E8}"
EndProject
Project("{2150E333-8FDC-42A3-9474-1A3956D46DE8}") = "Data", "Data", "{347564D1-0953-49BE-9FEA-E686B9310919}"
EndProject
Project("{FAE04EC0-301F-11D3-BF4B-00C04F79EFBC}") = "Chess.Presentation", "Chess.Presentation\Chess.Presentation.csproj", "{A1CD96F3-2C86-4EBE-95CE-1B63AFADC122}"
EndProject
Global
	GlobalSection(SolutionConfigurationPlatforms) = preSolution
		Debug|Any CPU = Debug|Any CPU
		Release|Any CPU = Release|Any CPU
	EndGlobalSection
	GlobalSection(ProjectConfigurationPlatforms) = postSolution
		{1291AADA-FE21-4DEB-BAAD-B36D7A660140}.Debug|Any CPU.ActiveCfg = Debug|Any CPU
		{1291AADA-FE21-4DEB-BAAD-B36D7A660140}.Debug|Any CPU.Build.0 = Debug|Any CPU
		{1291AADA-FE21-4DEB-BAAD-B36D7A660140}.Release|Any CPU.ActiveCfg = Release|Any CPU
		{1291AADA-FE21-4DEB-BAAD-B36D7A660140}.Release|Any CPU.Build.0 = Release|Any CPU
		{2D8F0372-A0FC-40C7-84E7-CBA9C044BC61}.Debug|Any CPU.ActiveCfg = Debug|Any CPU
		{2D8F0372-A0FC-40C7-84E7-CBA9C044BC61}.Debug|Any CPU.Build.0 = Debug|Any CPU
		{2D8F0372-A0FC-40C7-84E7-CBA9C044BC61}.Release|Any CPU.ActiveCfg = Release|Any CPU
		{2D8F0372-A0FC-40C7-84E7-CBA9C044BC61}.Release|Any CPU.Build.0 = Release|Any CPU
		{DF8063D8-12D2-4458-B541-9D394182828C}.Debug|Any CPU.ActiveCfg = Debug|Any CPU
		{DF8063D8-12D2-4458-B541-9D394182828C}.Debug|Any CPU.Build.0 = Debug|Any CPU
		{DF8063D8-12D2-4458-B541-9D394182828C}.Release|Any CPU.ActiveCfg = Release|Any CPU
		{DF8063D8-12D2-4458-B541-9D394182828C}.Release|Any CPU.Build.0 = Release|Any CPU
		{A1CD96F3-2C86-4EBE-95CE-1B63AFADC122}.Debug|Any CPU.ActiveCfg = Debug|Any CPU
		{A1CD96F3-2C86-4EBE-95CE-1B63AFADC122}.Debug|Any CPU.Build.0 = Debug|Any CPU
		{A1CD96F3-2C86-4EBE-95CE-1B63AFADC122}.Release|Any CPU.ActiveCfg = Release|Any CPU
		{A1CD96F3-2C86-4EBE-95CE-1B63AFADC122}.Release|Any CPU.Build.0 = Release|Any CPU
	EndGlobalSection
	GlobalSection(SolutionProperties) = preSolution
		HideSolutionNode = FALSE
	EndGlobalSection
	GlobalSection(NestedProjects) = preSolution
		{1291AADA-FE21-4DEB-BAAD-B36D7A660140} = {02EA681E-C7D8-13C7-8484-4AC65E1B71E8}
		{2D8F0372-A0FC-40C7-84E7-CBA9C044BC61} = {347564D1-0953-49BE-9FEA-E686B9310919}
		{A1CD96F3-2C86-4EBE-95CE-1B63AFADC122} = {02EA681E-C7D8-13C7-8484-4AC65E1B71E8}
	EndGlobalSection
	GlobalSection(ExtensibilityGlobals) = postSolution
		SolutionGuid = {07D46907-891D-4B00-8B3D-20AB45C54B17}
	EndGlobalSection
EndGlobal
